
Microsoft Visual Studio Solution File, Format Version 12.00
# Visual Studio Version 17
VisualStudioVersion = 17.1.32328.378
MinimumVisualStudioVersion = 10.0.40219.1
Project("{8BC9CEB8-8B4A-11D0-8D11-00A0C91BC942}") = "Ex04", "Ex04\Ex04.vcxproj", "{E7F996F9-BD21-4E9B-9275-F1A356E19DCE}"
EndProject
Global
	GlobalSection(SolutionConfigurationPlatforms) = preSolution
		Debug|x64 = Debug|x64
		Debug|x86 = Debug|x86
		Release|x64 = Release|x64
		Release|x86 = Release|x86
	EndGlobalSection
	GlobalSection(ProjectConfigurationPlatforms) = postSolution
		{E7F996F9-BD21-4E9B-9275-F1A356E19DCE}.Debug|x64.ActiveCfg = Debug|x64
		{E7F996F9-BD21-4E9B-9275-F1A356E19DCE}.Debug|x64.Build.0 = Debug|x64
		{E7F996F9-BD21-4E9B-9275-F1A356E19DCE}.Debug|x86.ActiveCfg = Debug|Win32
		{E7F996F9-BD21-4E9B-9275-F1A356E19DCE}.Debug|x86.Build.0 = Debug|Win32
		{E7F996F9-BD21-4E9B-9275-F1A356E19DCE}.Release|x64.ActiveCfg = Release|x64
		{E7F996F9-BD21-4E9B-9275-F1A356E19DCE}.Release|x64.Build.0 = Release|x64
		{E7F996F9-BD21-4E9B-9275-F1A356E19DCE}.Release|x86.ActiveCfg = Release|Win32
		{E7F996F9-BD21-4E9B-9275-F1A356E19DCE}.Release|x86.Build.0 = Release|Win32
	EndGlobalSection
	GlobalSection(SolutionProperties) = preSolution
		HideSolutionNode = FALSE
	EndGlobalSection
	GlobalSection(ExtensibilityGlobals) = postSolution
		SolutionGuid = {DCCF3118-AEE7-4340-AD88-DEA003105705}
	EndGlobalSection
EndGlobal
